
Microsoft Visual Studio Solution File, Format Version 12.00
# Visual Studio Version 17
VisualStudioVersion = 17.14.36518.9
MinimumVisualStudioVersion = 10.0.40219.1
Project("{FAE04EC0-301F-11D3-BF4B-00C04F79EFBC}") = "AkkaDotNetLearn", "AkkaDotNetLearn\AkkaDotNetLearn.csproj", "{54506EB6-936F-4682-85DE-16F08BDBE559}"
EndProject
Project("{FAE04EC0-301F-11D3-BF4B-00C04F79EFBC}") = "Scheduler.Akka", "Scheduler\Scheduler.Akka.csproj", "{2587CBAB-86FE-4B72-9C71-A9A00F88D0F6}"
EndProject
Project("{FAE04EC0-301F-11D3-BF4B-00C04F79EFBC}") = "EFCore.Repository", "EFCore.Repository\EFCore.Repository.csproj", "{93F63DBA-3263-4241-AEC6-325D68DBEF99}"
EndProject
Global
	GlobalSection(SolutionConfigurationPlatforms) = preSolution
		Debug|Any CPU = Debug|Any CPU
		Release|Any CPU = Release|Any CPU
	EndGlobalSection
	GlobalSection(ProjectConfigurationPlatforms) = postSolution
		{54506EB6-936F-4682-85DE-16F08BDBE559}.Debug|Any CPU.ActiveCfg = Debug|Any CPU
		{54506EB6-936F-4682-85DE-16F08BDBE559}.Debug|Any CPU.Build.0 = Debug|Any CPU
		{54506EB6-936F-4682-85DE-16F08BDBE559}.Release|Any CPU.ActiveCfg = Release|Any CPU
		{54506EB6-936F-4682-85DE-16F08BDBE559}.Release|Any CPU.Build.0 = Release|Any CPU
		{2587CBAB-86FE-4B72-9C71-A9A00F88D0F6}.Debug|Any CPU.ActiveCfg = Debug|Any CPU
		{2587CBAB-86FE-4B72-9C71-A9A00F88D0F6}.Debug|Any CPU.Build.0 = Debug|Any CPU
		{2587CBAB-86FE-4B72-9C71-A9A00F88D0F6}.Release|Any CPU.ActiveCfg = Release|Any CPU
		{2587CBAB-86FE-4B72-9C71-A9A00F88D0F6}.Release|Any CPU.Build.0 = Release|Any CPU
		{93F63DBA-3263-4241-AEC6-325D68DBEF99}.Debug|Any CPU.ActiveCfg = Debug|Any CPU
		{93F63DBA-3263-4241-AEC6-325D68DBEF99}.Debug|Any CPU.Build.0 = Debug|Any CPU
		{93F63DBA-3263-4241-AEC6-325D68DBEF99}.Release|Any CPU.ActiveCfg = Release|Any CPU
		{93F63DBA-3263-4241-AEC6-325D68DBEF99}.Release|Any CPU.Build.0 = Release|Any CPU
	EndGlobalSection
	GlobalSection(SolutionProperties) = preSolution
		HideSolutionNode = FALSE
	EndGlobalSection
	GlobalSection(ExtensibilityGlobals) = postSolution
		SolutionGuid = {F50F5702-CA64-4144-B3BC-37C1E6D83DB5}
	EndGlobalSection
EndGlobal
